<?xml version="1.0" encoding="utf-8"?>
<Project ToolsVersion="4.0" xmlns="http://schemas.microsoft.com/developer/msbuild/2003">
  <ItemGroup>
    <Filter Include="Arquivos de Origem">
      <UniqueIdentifier>{4FC737F1-C7A5-4376-A066-2A32D752A2FF}</UniqueIdentifier>
      <Extensions>cpp;c;cc;cxx;c++;cppm;ixx;def;odl;idl;hpj;bat;asm;asmx</Extensions>
    </Filter>
    <Filter Include="Arquivos de Cabeçalho">
      <UniqueIdentifier>{93995380-89BD-4b04-88EB-625FBE52EBFB}</UniqueIdentifier>
      <Extensions>h;hh;hpp;hxx;h++;hm;inl;inc;ipp;xsd</Extensions>
    </Filter>
    <Filter Include="Arquivos de Recurso">
      <UniqueIdentifier>{67DA6AB6-F800-4c08-8B7A-83BB121AAD01}</UniqueIdentifier>
      <Extensions>rc;ico;cur;bmp;dlg;rc2;rct;bin;rgs;gif;jpg;jpeg;jpe;resx;tiff;tif;png;wav;mfcribbon-ms</Extensions>
    </Filter>
    <Filter Include="Aulas do Curso">
      <UniqueIdentifier>{94c8fb2a-b2a1-41fb-a506-b893eafee420}</UniqueIdentifier>
    </Filter>
    <Filter Include="Exercicios">
      <UniqueIdentifier>{63fd5f39-102d-48a4-b93a-4d16f7057a6a}</UniqueIdentifier>
    </Filter>
    <Filter Include="ifndef">
      <UniqueIdentifier>{b82fc280-be24-4f53-905d-de40883b60c4}</UniqueIdentifier>
    </Filter>
    <Filter Include="Recebendo Dados">
      <UniqueIdentifier>{1e2f09bb-a742-48f3-9a37-5d334d0d6c9c}</UniqueIdentifier>
    </Filter>
    <Filter Include="Exercicios de Encremento">
      <UniqueIdentifier>{850e6a1d-78cb-4946-ba5d-c21868707fdb}</UniqueIdentifier>
    </Filter>
    <Filter Include="Mini Jogos">
      <UniqueIdentifier>{bef8c861-cfbe-4707-9ba8-823ab1ce4345}</UniqueIdentifier>
    </Filter>
    <Filter Include="Operador Ternario">
      <UniqueIdentifier>{2b4e6311-6ae9-42aa-ac62-164a8b792091}</UniqueIdentifier>
    </Filter>
    <Filter Include="Switch/Case">
      <UniqueIdentifier>{036373fb-f147-4723-98d1-0c3f2fb65bd6}</UniqueIdentifier>
    </Filter>
    <Filter Include="Operadores Relacionais">
      <UniqueIdentifier>{aa5b890a-dca9-49f1-ba3d-2fe11c4d1584}</UniqueIdentifier>
    </Filter>
    <Filter Include="Verdadeiro Ou falso">
      <UniqueIdentifier>{d7aa65d9-9909-44d8-8dd7-585f38db1d67}</UniqueIdentifier>
    </Filter>
    <Filter Include="do while">
      <UniqueIdentifier>{f1abbf17-00fa-4a48-8cf8-5b19b17c9b53}</UniqueIdentifier>
    </Filter>
    <Filter Include="Funçoes">
      <UniqueIdentifier>{ab174ed5-ad16-4200-a913-30b913ec4a66}</UniqueIdentifier>
    </Filter>
    <Filter Include="Prototipos de Funçoes">
      <UniqueIdentifier>{4c3b91e3-9de6-4517-a82c-0def378e34ed}</UniqueIdentifier>
    </Filter>
    <Filter Include="Ponteiro">
      <UniqueIdentifier>{e6460b62-70df-4506-9b07-da82db1f3263}</UniqueIdentifier>
    </Filter>
    <Filter Include="Ponteiro\Exercicios">
      <UniqueIdentifier>{9a173aee-a550-42ae-b281-d52447eadbeb}</UniqueIdentifier>
    </Filter>
    <Filter Include="Arrays vetores e matrizes">
      <UniqueIdentifier>{60fda35d-6c1c-4cb0-b11f-0d971c976da0}</UniqueIdentifier>
    </Filter>
    <Filter Include="Arrays vetores e matrizes\BuscarIndex">
      <UniqueIdentifier>{6d5ee5e7-e2ad-4108-8317-b681d6bd1580}</UniqueIdentifier>
    </Filter>
    <Filter Include="Arrays vetores e matrizes\matriz">
      <UniqueIdentifier>{bd5535f5-e4ec-4d7c-b562-afeb3f280e45}</UniqueIdentifier>
    </Filter>
    <Filter Include="Orientação Objeto">
      <UniqueIdentifier>{b7fa2efa-5506-45f9-af2d-e2557ae4c9d8}</UniqueIdentifier>
    </Filter>
    <Filter Include="Orientação Objeto\Ponteiro e Contrutores">
      <UniqueIdentifier>{ae372255-96d0-40ef-bed8-f105944c89a8}</UniqueIdentifier>
    </Filter>
    <Filter Include="Orientação Objeto\Exercicios Com This">
      <UniqueIdentifier>{aacc90c2-121b-4e79-87c9-976f1b2dd3aa}</UniqueIdentifier>
    </Filter>
    <Filter Include="Exercicios de MultiPlayer">
      <UniqueIdentifier>{cf432ff9-d0f2-4ca1-a8e5-1f420516acb9}</UniqueIdentifier>
    </Filter>
  </ItemGroup>
  <ItemGroup>
    <ClCompile Include="AprenderProgramar.cpp">
      <Filter>Exercicios</Filter>
    </ClCompile>
    <ClCompile Include="MainDasAulas.cpp">
      <Filter>Aulas do Curso</Filter>
    </ClCompile>
    <ClCompile Include="RecebendoValores.cpp">
      <Filter>Recebendo Dados</Filter>
    </ClCompile>
    <ClCompile Include="TresValoresReal.cpp">
      <Filter>Exercicios</Filter>
    </ClCompile>
    <ClCompile Include="PrecendenciaDeOperadores.cpp">
      <Filter>Exercicios</Filter>
    </ClCompile>
    <ClCompile Include="NumerosParesEimpares.cpp">
      <Filter>Exercicios</Filter>
    </ClCompile>
    <ClCompile Include="MultilplodDetres.cpp">
      <Filter>Exercicios</Filter>
    </ClCompile>
    <ClCompile Include="Faixa de Idade.cpp">
      <Filter>Exercicios</Filter>
    </ClCompile>
    <ClCompile Include="Acesso com senha e usuário.cpp">
      <Filter>Exercicios</Filter>
    </ClCompile>
    <ClCompile Include="ClassificarTriangulo.cpp">
      <Filter>Exercicios</Filter>
    </ClCompile>
    <ClCompile Include="VerificarNumeroPrimo.cpp">
      <Filter>Exercicios</Filter>
    </ClCompile>
    <ClCompile Include="Verificação de login.cpp">
      <Filter>Exercicios</Filter>
    </ClCompile>
    <ClCompile Include="OperadoresLogicos.cpp">
      <Filter>Recebendo Dados</Filter>
    </ClCompile>
    <ClCompile Include="MaiorIdade.cpp">
      <Filter>Exercicios</Filter>
    </ClCompile>
    <ClCompile Include="Número dentro da faixa.cpp">
      <Filter>Exercicios</Filter>
    </ClCompile>
    <ClCompile Include="Sistema de Alarme .cpp">
      <Filter>Exercicios</Filter>
    </ClCompile>
    <ClCompile Include="Negação de valor lógico .cpp">
      <Filter>Exercicios</Filter>
    </ClCompile>
    <ClCompile Include="Calculadora de Bhaskara.cpp">
      <Filter>Exercicios</Filter>
    </ClCompile>
    <ClCompile Include="Calcular Media Notas.cpp">
      <Filter>Exercicios</Filter>
    </ClCompile>
    <ClCompile Include="Cálculo de Juros Simples.cpp">
      <Filter>Exercicios</Filter>
    </ClCompile>
    <ClCompile Include="CalculodeImc.cpp">
      <Filter>Exercicios</Filter>
    </ClCompile>
    <ClCompile Include="Conversor de Temperatura.cpp">
      <Filter>Exercicios</Filter>
    </ClCompile>
    <ClCompile Include="Pode entrar.cpp">
      <Filter>Exercicios</Filter>
    </ClCompile>
    <ClCompile Include="Porcentagem.cpp">
      <Filter>Exercicios</Filter>
    </ClCompile>
    <ClCompile Include="Potência e Raiz Quadrada.cpp">
      <Filter>Exercicios</Filter>
    </ClCompile>
    <ClCompile Include="Soma até para.cpp">
      <Filter>Exercicios</Filter>
    </ClCompile>
    <ClCompile Include="Tabela de Tipos e Tamanhos .cpp">
      <Filter>Exercicios</Filter>
    </ClCompile>
    <ClCompile Include="Texto e caractere.cpp">
      <Filter>Exercicios</Filter>
    </ClCompile>
    <ClCompile Include="Verificador de números positivos.cpp">
      <Filter>Exercicios</Filter>
    </ClCompile>
    <ClCompile Include="PrimeiroPrograma.cpp">
      <Filter>Arquivos de Origem</Filter>
    </ClCompile>
    <ClCompile Include="Calculadora de Operações com Validação.cpp">
      <Filter>Exercicios</Filter>
    </ClCompile>
    <ClCompile Include="Contador de múltiplos.cpp">
      <Filter>Exercicios</Filter>
    </ClCompile>
    <ClCompile Include="Soma de pares com while.cpp">
      <Filter>Exercicios de Encremento</Filter>
    </ClCompile>
    <ClCompile Include="Números múltiplos.cpp">
      <Filter>Exercicios de Encremento</Filter>
    </ClCompile>
    <ClCompile Include="Contador de positivos negativos e zeros.cpp">
      <Filter>Exercicios de Encremento</Filter>
    </ClCompile>
    <ClCompile Include="Pares.cpp">
      <Filter>Exercicios de Encremento</Filter>
    </ClCompile>
    <ClCompile Include="Multiplos.cpp">
      <Filter>Exercicios de Encremento</Filter>
    </ClCompile>
    <ClCompile Include="Somadosmúltiplosdeumnúmero.cpp">
      <Filter>Exercicios de Encremento</Filter>
    </ClCompile>
    <ClCompile Include="Média dos Números Positivos.cpp">
      <Filter>Exercicios de Encremento</Filter>
    </ClCompile>
    <ClCompile Include="Contar números pares entre dois limites.cpp">
      <Filter>Exercicios de Encremento</Filter>
    </ClCompile>
    <ClCompile Include="Mostrar números em ordem decrescente.cpp">
      <Filter>Exercicios de Encremento</Filter>
    </ClCompile>
    <ClCompile Include="Verificador de divisibilidade.cpp">
      <Filter>Exercicios</Filter>
    </ClCompile>
    <ClCompile Include="Pontuação por Divisibilidade.cpp">
      <Filter>Mini Jogos</Filter>
    </ClCompile>
    <ClCompile Include="Pontuação por vários números.cpp">
      <Filter>Mini Jogos</Filter>
    </ClCompile>
    <ClCompile Include="OPerador Ternario.cpp">
      <Filter>Operador Ternario</Filter>
    </ClCompile>
    <ClCompile Include="Switch\Case.cpp">
      <Filter>Switch/Case</Filter>
    </ClCompile>
    <ClCompile Include="CategoriaIdade.cpp">
      <Filter>Operador Ternario</Filter>
    </ClCompile>
    <ClCompile Include="Contador Personalizado com for e while.cpp">
      <Filter>Exercicios de Encremento</Filter>
    </ClCompile>
    <ClCompile Include="Jogo de Escolha com Switch.cpp">
      <Filter>Switch/Case</Filter>
    </ClCompile>
    <ClCompile Include="MediaAlunos.cpp">
      <Filter>Operador Ternario</Filter>
    </ClCompile>
    <ClCompile Include="OperadoresRelacionais.cpp">
      <Filter>Operadores Relacionais</Filter>
    </ClCompile>
    <ClCompile Include="Análise de números com for e operadores relacionais.cpp">
      <Filter>Operadores Relacionais</Filter>
    </ClCompile>
    <ClCompile Include="Sistema de Acesso com Pontuação .cpp">
      <Filter>Switch/Case</Filter>
    </ClCompile>
    <ClCompile Include="Analisador de notas com for e condições.cpp">
      <Filter>Exercicios de Encremento</Filter>
    </ClCompile>
    <ClCompile Include="Classificador de números com while + switch + operadores relacionais.cpp">
      <Filter>Switch/Case</Filter>
    </ClCompile>
    <ClCompile Include="Sistema de pontuação por categoria.cpp">
      <Filter>Switch/Case</Filter>
    </ClCompile>
    <ClCompile Include="Validador de sequência crescente.cpp">
      <Filter>Exercicios</Filter>
    </ClCompile>
    <ClCompile Include="Classificador de idade com contador por faixa.cpp">
      <Filter>Exercicios de Encremento</Filter>
    </ClCompile>
    <ClCompile Include="Calculadora de operações múltiplas com switch.cpp">
      <Filter>Switch/Case</Filter>
    </ClCompile>
    <ClCompile Include="Validador de acesso com contadores de condição.cpp">
      <Filter>Verdadeiro Ou falso</Filter>
    </ClCompile>
    <ClCompile Include="Sistema de pontuação com validações booleanas.cpp">
      <Filter>Verdadeiro Ou falso</Filter>
    </ClCompile>
    <ClCompile Include="Verificador de senha e tentativas.cpp">
      <Filter>Verdadeiro Ou falso</Filter>
    </ClCompile>
    <ClCompile Include="Validador de login com usuário e senha e tentativas limitadas.cpp">
      <Filter>Verdadeiro Ou falso</Filter>
    </ClCompile>
    <ClCompile Include="Verificador de Números com do while.cpp">
      <Filter>do while</Filter>
    </ClCompile>
    <ClCompile Include="Validador de idade.cpp">
      <Filter>do while</Filter>
    </ClCompile>
    <ClCompile Include="Validação de acesso.cpp">
      <Filter>do while</Filter>
    </ClCompile>
    <ClCompile Include="Sistema de acesso com verificação de idade e código secreto.cpp">
      <Filter>do while</Filter>
    </ClCompile>
    <ClCompile Include="Sistema de Acesso com Menu de Funções.cpp">
      <Filter>Exercicios</Filter>
    </ClCompile>
    <ClCompile Include="Crie um sistema de gerenciamento de usuários.cpp">
      <Filter>Exercicios</Filter>
    </ClCompile>
    <ClCompile Include="Funcoes.cpp">
      <Filter>Funçoes</Filter>
    </ClCompile>
    <ClCompile Include="Sistema de Avaliação de Funcionário.cpp">
      <Filter>Funçoes</Filter>
    </ClCompile>
    <ClCompile Include="CombateRPG.cpp">
      <Filter>Funçoes</Filter>
    </ClCompile>
    <ClCompile Include="Criar um sistema de missão.cpp">
      <Filter>Funçoes</Filter>
    </ClCompile>
    <ClCompile Include="pequeno sistema de batalha.cpp">
      <Filter>Funçoes</Filter>
    </ClCompile>
    <ClCompile Include="Simulação de Treinamento de Personagem.cpp">
      <Filter>Funçoes</Filter>
    </ClCompile>
    <ClCompile Include="Protótipos de Função.cpp">
      <Filter>Prototipos de Funçoes</Filter>
    </ClCompile>
    <ClCompile Include="IMpar ou par .cpp">
      <Filter>Prototipos de Funçoes</Filter>
    </ClCompile>
    <ClCompile Include="Batalha e Progresso do Jogador.cpp">
      <Filter>Mini Jogos</Filter>
    </ClCompile>
    <ClCompile Include="VariavelPonteiro.cpp">
      <Filter>Ponteiro</Filter>
    </ClCompile>
    <ClCompile Include="PonteiroInteiro.cpp">
      <Filter>Ponteiro</Filter>
    </ClCompile>
    <ClCompile Include="PonteiroBasico.cpp">
      <Filter>Ponteiro\Exercicios</Filter>
    </ClCompile>
    <ClCompile Include="Manipulando Valores com Ponteiros.cpp">
      <Filter>Ponteiro\Exercicios</Filter>
    </ClCompile>
    <ClCompile Include="Sistema de Aventura com Ponteiros.cpp">
      <Filter>Ponteiro\Exercicios</Filter>
    </ClCompile>
    <ClCompile Include="Simulador de Aprimoramento com Ponteiros.cpp">
      <Filter>Arquivos de Origem</Filter>
    </ClCompile>
    <ClCompile Include="Simulador de Exploração e Missões.cpp">
      <Filter>Exercicios</Filter>
    </ClCompile>
    <ClCompile Include="SISTEMA DE LOJA RPG .cpp">
      <Filter>Exercicios</Filter>
    </ClCompile>
    <ClCompile Include="Sistema de RPG com Missão de Caça.cpp">
      <Filter>Exercicios</Filter>
    </ClCompile>
    <ClCompile Include="ArraysVetores.cpp">
      <Filter>Arrays vetores e matrizes</Filter>
    </ClCompile>
    <ClCompile Include="RPG com Arrays.cpp">
      <Filter>Arrays vetores e matrizes</Filter>
    </ClCompile>
    <ClCompile Include="programas bem simples.cpp">
      <Filter>Arrays vetores e matrizes</Filter>
    </ClCompile>
    <ClCompile Include="Exercício.cpp">
      <Filter>Arrays vetores e matrizes</Filter>
    </ClCompile>
    <ClCompile Include="Exercício – Média de Notas com Ponteiro.cpp">
      <Filter>Arrays vetores e matrizes</Filter>
    </ClCompile>
    <ClCompile Include="Exercício Somar Itens de um Inventário.cpp">
      <Filter>Arrays vetores e matrizes</Filter>
    </ClCompile>
    <ClCompile Include="Inventário RPG com preços.cpp">
      <Filter>Arrays vetores e matrizes</Filter>
    </ClCompile>
    <ClCompile Include="Inventário de Armas e Dano Total.cpp">
      <Filter>Arrays vetores e matrizes</Filter>
    </ClCompile>
    <ClCompile Include="Poções de Cura.cpp">
      <Filter>Arrays vetores e matrizes</Filter>
    </ClCompile>
    <ClCompile Include="Flechas e Dano Total.cpp">
      <Filter>Arrays vetores e matrizes</Filter>
    </ClCompile>
    <ClCompile Include="Jogo da Foca.cpp">
      <Filter>Arrays vetores e matrizes</Filter>
    </ClCompile>
    <ClCompile Include="Simulador de Arena.cpp">
      <Filter>Arrays vetores e matrizes</Filter>
    </ClCompile>
    <ClCompile Include="Loja de Itens e Inventário.cpp">
      <Filter>Arrays vetores e matrizes</Filter>
    </ClCompile>
    <ClCompile Include="Loja de Habilidades do Jogador.cpp">
      <Filter>Arrays vetores e matrizes</Filter>
    </ClCompile>
    <ClCompile Include="Sistema de Desbloqueio de Habilidades em Cadeia.cpp">
      <Filter>Arrays vetores e matrizes</Filter>
    </ClCompile>
    <ClCompile Include="Inventário Dinâmico com Ponteiros e Referências.cpp">
      <Filter>Arrays vetores e matrizes</Filter>
    </ClCompile>
    <ClCompile Include="Inventário Dinâmico com Alocação Dinâmica e Funções.cpp">
      <Filter>Arrays vetores e matrizes</Filter>
    </ClCompile>
    <ClCompile Include="Inventário Dinâmico de Equipamentos com struc.cpp">
      <Filter>Arrays vetores e matrizes</Filter>
    </ClCompile>
    <ClCompile Include="Inventário de Equipamentos para Vários Jogadores .cpp">
      <Filter>Arrays vetores e matrizes</Filter>
    </ClCompile>
    <ClCompile Include="Sistema de Batalha entre Jogadores .cpp">
      <Filter>Arrays vetores e matrizes</Filter>
    </ClCompile>
    <ClCompile Include="Ranking de Pontuação.cpp">
      <Filter>Arrays vetores e matrizes</Filter>
    </ClCompile>
    <ClCompile Include="Sistema de Energia e Experiência.cpp">
      <Filter>Arrays vetores e matrizes</Filter>
    </ClCompile>
    <ClCompile Include="Sistema de Login.cpp">
      <Filter>Arrays vetores e matrizes</Filter>
    </ClCompile>
    <ClCompile Include="Controle de Notas de Alunos.cpp">
      <Filter>Arrays vetores e matrizes</Filter>
    </ClCompile>
    <ClCompile Include="Jogo de Batalha de Equipes.cpp">
      <Filter>Arrays vetores e matrizes</Filter>
    </ClCompile>
    <ClCompile Include="Estoque Simples de Itens.cpp">
      <Filter>Arquivos de Origem</Filter>
    </ClCompile>
    <ClCompile Include="Paasando Arrays Para Funções.cpp">
      <Filter>Arrays vetores e matrizes</Filter>
    </ClCompile>
    <ClCompile Include="Array Invertidos.cpp">
      <Filter>Arrays vetores e matrizes</Filter>
    </ClCompile>
    <ClCompile Include="Ranking de Scores.cpp">
      <Filter>Arrays vetores e matrizes</Filter>
    </ClCompile>
    <ClCompile Include="Controle de Vagas de Estacionamento.cpp">
      <Filter>Arrays vetores e matrizes</Filter>
    </ClCompile>
    <ClCompile Include="Cadastro e Consulta de Produtos.cpp">
      <Filter>Arrays vetores e matrizes</Filter>
    </ClCompile>
    <ClCompile Include="Votação para o Melhor Jogador.cpp">
      <Filter>Arrays vetores e matrizes</Filter>
    </ClCompile>
    <ClCompile Include="Média das Notas.cpp">
      <Filter>Arrays vetores e matrizes</Filter>
    </ClCompile>
    <ClCompile Include="Jogo de Palavras Secretas com Arrays.cpp">
      <Filter>Arrays vetores e matrizes</Filter>
    </ClCompile>
    <ClCompile Include="Cadastro e Busca de Telefone.cpp">
      <Filter>Arrays vetores e matrizes</Filter>
    </ClCompile>
    <ClCompile Include="Controle de Temperaturas Diárias.cpp">
      <Filter>Arrays vetores e matrizes</Filter>
    </ClCompile>
    <ClCompile Include="Soma dos Elementos.cpp">
      <Filter>Arrays vetores e matrizes</Filter>
    </ClCompile>
    <ClCompile Include="Contando Números Pares.cpp">
      <Filter>Arrays vetores e matrizes</Filter>
    </ClCompile>
    <ClCompile Include="Busca de Valor.cpp">
      <Filter>Arrays vetores e matrizes</Filter>
    </ClCompile>
    <ClCompile Include="Soma dos Pares e Média dos Ímpares.cpp">
      <Filter>Arrays vetores e matrizes</Filter>
    </ClCompile>
    <ClCompile Include="Controle de Estoque de Livros.cpp">
      <Filter>Arrays vetores e matrizes</Filter>
    </ClCompile>
    <ClCompile Include="Controle de Frequência de Alunos.cpp">
      <Filter>Arrays vetores e matrizes</Filter>
    </ClCompile>
    <ClCompile Include="Controle de Carrinhos de Compras no Mercado.cpp">
      <Filter>Arrays vetores e matrizes</Filter>
    </ClCompile>
    <ClCompile Include="istema de Gestão de Estoque de Produtos Relatório de Vendas.cpp">
      <Filter>Arrays vetores e matrizes</Filter>
    </ClCompile>
    <ClCompile Include="Sistema de Busca de Produto por Índice.cpp">
      <Filter>Arrays vetores e matrizes\BuscarIndex</Filter>
    </ClCompile>
    <ClCompile Include="Agenda de Contatos com buscarIndice.cpp">
      <Filter>Arrays vetores e matrizes\BuscarIndex</Filter>
    </ClCompile>
    <ClCompile Include="Maior e Menor elemento da matriz.cpp">
      <Filter>Arrays vetores e matrizes\matriz</Filter>
    </ClCompile>
    <ClCompile Include="Matriz e Diagonal Principal.cpp">
      <Filter>Arrays vetores e matrizes\matriz</Filter>
    </ClCompile>
    <ClCompile Include="Transposição de Matriz.cpp">
      <Filter>Arrays vetores e matrizes\matriz</Filter>
    </ClCompile>
    <ClCompile Include="Soma de duas matrizes.cpp">
      <Filter>Arrays vetores e matrizes\matriz</Filter>
    </ClCompile>
    <ClCompile Include="Multiplicação de Matrizes 3x3.cpp">
      <Filter>Arrays vetores e matrizes\matriz</Filter>
    </ClCompile>
    <ClCompile Include="Subtração de Matrizes com Função de Exibição.cpp">
      <Filter>Arrays vetores e matrizes\matriz</Filter>
    </ClCompile>
    <ClCompile Include="Sistema de Estoque MultiFiliais.cpp">
      <Filter>Arrays vetores e matrizes\matriz</Filter>
    </ClCompile>
    <ClCompile Include="Atualização de Estoque por Filial.cpp">
      <Filter>Arrays vetores e matrizes\matriz</Filter>
    </ClCompile>
    <ClCompile Include="Exercício em POO.cpp">
      <Filter>Arquivos de Origem</Filter>
    </ClCompile>
    <ClCompile Include="Sistema de Biblioteca Simples.cpp">
      <Filter>Orientação Objeto</Filter>
    </ClCompile>
    <ClCompile Include="OqueEClasse.cpp">
      <Filter>Orientação Objeto</Filter>
    </ClCompile>
    <ClCompile Include="Criando classe.cpp">
      <Filter>Orientação Objeto</Filter>
    </ClCompile>
    <ClCompile Include="Sistema de Personagem RPG.cpp">
      <Filter>Orientação Objeto</Filter>
    </ClCompile>
    <ClCompile Include="Batalha entre Classes Derivadas.cpp">
      <Filter>Orientação Objeto</Filter>
    </ClCompile>
    <ClCompile Include="Simulador de Personagem com Mochila de Itens.cpp">
      <Filter>Orientação Objeto</Filter>
    </ClCompile>
    <ClCompile Include="Sistema de Personagens com Herança.cpp">
      <Filter>Orientação Objeto</Filter>
    </ClCompile>
    <ClCompile Include="Sistema de Animais na Floresta.cpp">
      <Filter>Orientação Objeto</Filter>
    </ClCompile>
    <ClCompile Include="AVENTURA DOS PERSONAGENS.cpp">
      <Filter>Orientação Objeto</Filter>
    </ClCompile>
    <ClCompile Include="Conta.cpp">
      <Filter>Orientação Objeto\Ponteiro e Contrutores</Filter>
    </ClCompile>
    <ClCompile Include="Banco.cpp">
      <Filter>Orientação Objeto\Ponteiro e Contrutores</Filter>
    </ClCompile>
    <ClCompile Include="Comparar Personagens com this.cpp">
      <Filter>Orientação Objeto\Exercicios Com This</Filter>
    </ClCompile>
    <ClCompile Include="Aumentar Vida com this.cpp">
      <Filter>Orientação Objeto\Exercicios Com This</Filter>
    </ClCompile>
    <ClCompile Include="Batalha de Defesa.cpp">
      <Filter>Orientação Objeto\Exercicios Com This</Filter>
    </ClCompile>
    <ClCompile Include="Heroi.cpp">
      <Filter>Orientação Objeto\Exercicios Com This</Filter>
    </ClCompile>
    <ClCompile Include="Inventário e Itens Mágicos.cpp">
      <Filter>Orientação Objeto\Exercicios Com This</Filter>
    </ClCompile>
    <ClCompile Include="Combate entre Clãs.cpp">
      <Filter>Orientação Objeto\Exercicios Com This</Filter>
    </ClCompile>
    <ClCompile Include="Missão de RPG com Sistema de Energia e Experiência.cpp">
      <Filter>Orientação Objeto\Exercicios Com This</Filter>
    </ClCompile>
    <ClCompile Include="Criando um Sistema de Magias com this e Herança.cpp">
      <Filter>Arquivos de Origem</Filter>
    </ClCompile>
    <ClCompile Include="Sistema de Missões e Rivalidade.cpp">
      <Filter>Orientação Objeto\Exercicios Com This</Filter>
    </ClCompile>
    <ClCompile Include="Batalha por Turno com 2 Classes.cpp">
      <Filter>Orientação Objeto\Exercicios Com This</Filter>
    </ClCompile>
    <ClCompile Include="Simulador de Servidor Multiplayer.cpp">
      <Filter>Exercicios de MultiPlayer</Filter>
    </ClCompile>
    <ClCompile Include="Lobby e Partidas Automáticas.cpp">
      <Filter>Exercicios de MultiPlayer</Filter>
    </ClCompile>
    <ClCompile Include="FileName.cpp">
      <Filter>Exercicios de MultiPlayer</Filter>
    </ClCompile>
    <ClCompile Include="Sistema de Matchmaking Multiplayer.cpp">
      <Filter>Exercicios de MultiPlayer</Filter>
    </ClCompile>
    <ClCompile Include="Whiler.cpp">
      <Filter>do while</Filter>
    </ClCompile>
    <ClCompile Include="Sistema de Chat e Replay de Partida Multiplayer.cpp">
      <Filter>Exercicios de MultiPlayer</Filter>
    </ClCompile>
    <ClCompile Include="sistema de  Servidor Dedicado com Log e Reconexão Dinâmica.cpp">
      <Filter>Arquivos de Origem</Filter>
    </ClCompile>
    <ClCompile Include="Sistema de Servidor Dedicado com Reconexão Automática.cpp">
      <Filter>Arquivos de Origem</Filter>
    </ClCompile>
    <ClCompile Include="Criar a estrutura básica do Matchmaking.cpp">
      <Filter>Exercicios de MultiPlayer</Filter>
    </ClCompile>
  </ItemGroup>
  <ItemGroup>
    <ClInclude Include="Aulas.h">
      <Filter>ifndef</Filter>
    </ClInclude>
    <ClInclude Include="Conta.h">
      <Filter>Orientação Objeto\Ponteiro e Contrutores</Filter>
    </ClInclude>
    <ClInclude Include="Online.h">
      <Filter>Exercicios de MultiPlayer</Filter>
    </ClInclude>
  </ItemGroup>
  <ItemGroup>
    <None Include="Sistema de RPG com Treinamento" />
    <None Include="Inventário Dinâmico de Equipamentoscom Struct" />
    <None Include="Inventário Dinâmico de EquipamentosPonteiros e Operadores" />
  </ItemGroup>
</Project>