<?xml version="1.0" encoding="utf-8"?>
<Project ToolsVersion="4.0" xmlns="http://schemas.microsoft.com/developer/msbuild/2003">
  <ItemGroup>
    <Filter Include="Arquivos de Origem">
      <UniqueIdentifier>{4FC737F1-C7A5-4376-A066-2A32D752A2FF}</UniqueIdentifier>
      <Extensions>cpp;c;cc;cxx;c++;cppm;ixx;def;odl;idl;hpj;bat;asm;asmx</Extensions>
    </Filter>
    <Filter Include="Arquivos de Cabeçalho">
      <UniqueIdentifier>{93995380-89BD-4b04-88EB-625FBE52EBFB}</UniqueIdentifier>
      <Extensions>h;hh;hpp;hxx;h++;hm;inl;inc;ipp;xsd</Extensions>
    </Filter>
    <Filter Include="Arquivos de Recurso">
      <UniqueIdentifier>{67DA6AB6-F800-4c08-8B7A-83BB121AAD01}</UniqueIdentifier>
      <Extensions>rc;ico;cur;bmp;dlg;rc2;rct;bin;rgs;gif;jpg;jpeg;jpe;resx;tiff;tif;png;wav;mfcribbon-ms</Extensions>
    </Filter>
    <Filter Include="Aulas do Curso">
      <UniqueIdentifier>{94c8fb2a-b2a1-41fb-a506-b893eafee420}</UniqueIdentifier>
    </Filter>
    <Filter Include="Exercicios">
      <UniqueIdentifier>{63fd5f39-102d-48a4-b93a-4d16f7057a6a}</UniqueIdentifier>
    </Filter>
    <Filter Include="ifndef">
      <UniqueIdentifier>{b82fc280-be24-4f53-905d-de40883b60c4}</UniqueIdentifier>
    </Filter>
    <Filter Include="Recebendo Dados">
      <UniqueIdentifier>{1e2f09bb-a742-48f3-9a37-5d334d0d6c9c}</UniqueIdentifier>
    </Filter>
    <Filter Include="Exercicios de Encremento">
      <UniqueIdentifier>{850e6a1d-78cb-4946-ba5d-c21868707fdb}</UniqueIdentifier>
    </Filter>
    <Filter Include="Mini Jogos">
      <UniqueIdentifier>{bef8c861-cfbe-4707-9ba8-823ab1ce4345}</UniqueIdentifier>
    </Filter>
    <Filter Include="Operador Ternario">
      <UniqueIdentifier>{2b4e6311-6ae9-42aa-ac62-164a8b792091}</UniqueIdentifier>
    </Filter>
    <Filter Include="Switch/Case">
      <UniqueIdentifier>{036373fb-f147-4723-98d1-0c3f2fb65bd6}</UniqueIdentifier>
    </Filter>
    <Filter Include="Operadores Relacionais">
      <UniqueIdentifier>{aa5b890a-dca9-49f1-ba3d-2fe11c4d1584}</UniqueIdentifier>
    </Filter>
    <Filter Include="Verdadeiro Ou falso">
      <UniqueIdentifier>{d7aa65d9-9909-44d8-8dd7-585f38db1d67}</UniqueIdentifier>
    </Filter>
    <Filter Include="do while">
      <UniqueIdentifier>{f1abbf17-00fa-4a48-8cf8-5b19b17c9b53}</UniqueIdentifier>
    </Filter>
    <Filter Include="Funçoes">
      <UniqueIdentifier>{ab174ed5-ad16-4200-a913-30b913ec4a66}</UniqueIdentifier>
    </Filter>
    <Filter Include="Prototipos de Funçoes">
      <UniqueIdentifier>{4c3b91e3-9de6-4517-a82c-0def378e34ed}</UniqueIdentifier>
    </Filter>
    <Filter Include="Ponteiro">
      <UniqueIdentifier>{e6460b62-70df-4506-9b07-da82db1f3263}</UniqueIdentifier>
    </Filter>
    <Filter Include="Ponteiro\Exercicios">
      <UniqueIdentifier>{9a173aee-a550-42ae-b281-d52447eadbeb}</UniqueIdentifier>
    </Filter>
  </ItemGroup>
  <ItemGroup>
    <ClCompile Include="AprenderProgramar.cpp">
      <Filter>Exercicios</Filter>
    </ClCompile>
    <ClCompile Include="MainDasAulas.cpp">
      <Filter>Aulas do Curso</Filter>
    </ClCompile>
    <ClCompile Include="RecebendoValores.cpp">
      <Filter>Recebendo Dados</Filter>
    </ClCompile>
    <ClCompile Include="TresValoresReal.cpp">
      <Filter>Exercicios</Filter>
    </ClCompile>
    <ClCompile Include="PrecendenciaDeOperadores.cpp">
      <Filter>Exercicios</Filter>
    </ClCompile>
    <ClCompile Include="NumerosParesEimpares.cpp">
      <Filter>Exercicios</Filter>
    </ClCompile>
    <ClCompile Include="MultilplodDetres.cpp">
      <Filter>Exercicios</Filter>
    </ClCompile>
    <ClCompile Include="Faixa de Idade.cpp">
      <Filter>Exercicios</Filter>
    </ClCompile>
    <ClCompile Include="Acesso com senha e usuário.cpp">
      <Filter>Exercicios</Filter>
    </ClCompile>
    <ClCompile Include="ClassificarTriangulo.cpp">
      <Filter>Exercicios</Filter>
    </ClCompile>
    <ClCompile Include="VerificarNumeroPrimo.cpp">
      <Filter>Exercicios</Filter>
    </ClCompile>
    <ClCompile Include="Verificação de login.cpp">
      <Filter>Exercicios</Filter>
    </ClCompile>
    <ClCompile Include="OperadoresLogicos.cpp">
      <Filter>Recebendo Dados</Filter>
    </ClCompile>
    <ClCompile Include="MaiorIdade.cpp">
      <Filter>Exercicios</Filter>
    </ClCompile>
    <ClCompile Include="Número dentro da faixa.cpp">
      <Filter>Exercicios</Filter>
    </ClCompile>
    <ClCompile Include="Sistema de Alarme .cpp">
      <Filter>Exercicios</Filter>
    </ClCompile>
    <ClCompile Include="Negação de valor lógico .cpp">
      <Filter>Exercicios</Filter>
    </ClCompile>
    <ClCompile Include="Calculadora de Bhaskara.cpp">
      <Filter>Exercicios</Filter>
    </ClCompile>
    <ClCompile Include="Calcular Media Notas.cpp">
      <Filter>Exercicios</Filter>
    </ClCompile>
    <ClCompile Include="Cálculo de Juros Simples.cpp">
      <Filter>Exercicios</Filter>
    </ClCompile>
    <ClCompile Include="CalculodeImc.cpp">
      <Filter>Exercicios</Filter>
    </ClCompile>
    <ClCompile Include="Conversor de Temperatura.cpp">
      <Filter>Exercicios</Filter>
    </ClCompile>
    <ClCompile Include="Pode entrar.cpp">
      <Filter>Exercicios</Filter>
    </ClCompile>
    <ClCompile Include="Porcentagem.cpp">
      <Filter>Exercicios</Filter>
    </ClCompile>
    <ClCompile Include="Potência e Raiz Quadrada.cpp">
      <Filter>Exercicios</Filter>
    </ClCompile>
    <ClCompile Include="Soma até para.cpp">
      <Filter>Exercicios</Filter>
    </ClCompile>
    <ClCompile Include="Tabela de Tipos e Tamanhos .cpp">
      <Filter>Exercicios</Filter>
    </ClCompile>
    <ClCompile Include="Texto e caractere.cpp">
      <Filter>Exercicios</Filter>
    </ClCompile>
    <ClCompile Include="Verificador de números positivos.cpp">
      <Filter>Exercicios</Filter>
    </ClCompile>
    <ClCompile Include="PrimeiroPrograma.cpp">
      <Filter>Arquivos de Origem</Filter>
    </ClCompile>
    <ClCompile Include="Calculadora de Operações com Validação.cpp">
      <Filter>Exercicios</Filter>
    </ClCompile>
    <ClCompile Include="Contador de múltiplos.cpp">
      <Filter>Exercicios</Filter>
    </ClCompile>
    <ClCompile Include="Soma de pares com while.cpp">
      <Filter>Exercicios de Encremento</Filter>
    </ClCompile>
    <ClCompile Include="Números múltiplos.cpp">
      <Filter>Exercicios de Encremento</Filter>
    </ClCompile>
    <ClCompile Include="Contador de positivos negativos e zeros.cpp">
      <Filter>Exercicios de Encremento</Filter>
    </ClCompile>
    <ClCompile Include="Pares.cpp">
      <Filter>Exercicios de Encremento</Filter>
    </ClCompile>
    <ClCompile Include="Multiplos.cpp">
      <Filter>Exercicios de Encremento</Filter>
    </ClCompile>
    <ClCompile Include="Somadosmúltiplosdeumnúmero.cpp">
      <Filter>Exercicios de Encremento</Filter>
    </ClCompile>
    <ClCompile Include="Média dos Números Positivos.cpp">
      <Filter>Exercicios de Encremento</Filter>
    </ClCompile>
    <ClCompile Include="Contar números pares entre dois limites.cpp">
      <Filter>Exercicios de Encremento</Filter>
    </ClCompile>
    <ClCompile Include="Mostrar números em ordem decrescente.cpp">
      <Filter>Exercicios de Encremento</Filter>
    </ClCompile>
    <ClCompile Include="Verificador de divisibilidade.cpp">
      <Filter>Exercicios</Filter>
    </ClCompile>
    <ClCompile Include="Pontuação por Divisibilidade.cpp">
      <Filter>Mini Jogos</Filter>
    </ClCompile>
    <ClCompile Include="Pontuação por vários números.cpp">
      <Filter>Mini Jogos</Filter>
    </ClCompile>
    <ClCompile Include="OPerador Ternario.cpp">
      <Filter>Operador Ternario</Filter>
    </ClCompile>
    <ClCompile Include="Switch\Case.cpp">
      <Filter>Switch/Case</Filter>
    </ClCompile>
    <ClCompile Include="CategoriaIdade.cpp">
      <Filter>Operador Ternario</Filter>
    </ClCompile>
    <ClCompile Include="Contador Personalizado com for e while.cpp">
      <Filter>Exercicios de Encremento</Filter>
    </ClCompile>
    <ClCompile Include="Jogo de Escolha com Switch.cpp">
      <Filter>Switch/Case</Filter>
    </ClCompile>
    <ClCompile Include="MediaAlunos.cpp">
      <Filter>Operador Ternario</Filter>
    </ClCompile>
    <ClCompile Include="OperadoresRelacionais.cpp">
      <Filter>Operadores Relacionais</Filter>
    </ClCompile>
    <ClCompile Include="Análise de números com for e operadores relacionais.cpp">
      <Filter>Operadores Relacionais</Filter>
    </ClCompile>
    <ClCompile Include="Sistema de Acesso com Pontuação .cpp">
      <Filter>Switch/Case</Filter>
    </ClCompile>
    <ClCompile Include="Analisador de notas com for e condições.cpp">
      <Filter>Exercicios de Encremento</Filter>
    </ClCompile>
    <ClCompile Include="Classificador de números com while + switch + operadores relacionais.cpp">
      <Filter>Switch/Case</Filter>
    </ClCompile>
    <ClCompile Include="Sistema de pontuação por categoria.cpp">
      <Filter>Switch/Case</Filter>
    </ClCompile>
    <ClCompile Include="Validador de sequência crescente.cpp">
      <Filter>Exercicios</Filter>
    </ClCompile>
    <ClCompile Include="Classificador de idade com contador por faixa.cpp">
      <Filter>Exercicios de Encremento</Filter>
    </ClCompile>
    <ClCompile Include="Calculadora de operações múltiplas com switch.cpp">
      <Filter>Switch/Case</Filter>
    </ClCompile>
    <ClCompile Include="Validador de acesso com contadores de condição.cpp">
      <Filter>Verdadeiro Ou falso</Filter>
    </ClCompile>
    <ClCompile Include="Sistema de pontuação com validações booleanas.cpp">
      <Filter>Verdadeiro Ou falso</Filter>
    </ClCompile>
    <ClCompile Include="Verificador de senha e tentativas.cpp">
      <Filter>Verdadeiro Ou falso</Filter>
    </ClCompile>
    <ClCompile Include="Validador de login com usuário e senha e tentativas limitadas.cpp">
      <Filter>Verdadeiro Ou falso</Filter>
    </ClCompile>
    <ClCompile Include="Verificador de Números com do while.cpp">
      <Filter>do while</Filter>
    </ClCompile>
    <ClCompile Include="Validador de idade.cpp">
      <Filter>do while</Filter>
    </ClCompile>
    <ClCompile Include="Validação de acesso.cpp">
      <Filter>do while</Filter>
    </ClCompile>
    <ClCompile Include="Sistema de acesso com verificação de idade e código secreto.cpp">
      <Filter>do while</Filter>
    </ClCompile>
    <ClCompile Include="Sistema de Acesso com Menu de Funções.cpp">
      <Filter>Exercicios</Filter>
    </ClCompile>
    <ClCompile Include="Crie um sistema de gerenciamento de usuários.cpp">
      <Filter>Exercicios</Filter>
    </ClCompile>
    <ClCompile Include="Funcoes.cpp">
      <Filter>Funçoes</Filter>
    </ClCompile>
    <ClCompile Include="Sistema de Avaliação de Funcionário.cpp">
      <Filter>Funçoes</Filter>
    </ClCompile>
    <ClCompile Include="CombateRPG.cpp">
      <Filter>Funçoes</Filter>
    </ClCompile>
    <ClCompile Include="Criar um sistema de missão.cpp">
      <Filter>Funçoes</Filter>
    </ClCompile>
    <ClCompile Include="pequeno sistema de batalha.cpp">
      <Filter>Funçoes</Filter>
    </ClCompile>
    <ClCompile Include="Simulação de Treinamento de Personagem.cpp">
      <Filter>Funçoes</Filter>
    </ClCompile>
    <ClCompile Include="Protótipos de Função.cpp">
      <Filter>Prototipos de Funçoes</Filter>
    </ClCompile>
    <ClCompile Include="IMpar ou par .cpp">
      <Filter>Prototipos de Funçoes</Filter>
    </ClCompile>
    <ClCompile Include="Batalha e Progresso do Jogador.cpp">
      <Filter>Mini Jogos</Filter>
    </ClCompile>
    <ClCompile Include="VariavelPonteiro.cpp">
      <Filter>Ponteiro</Filter>
    </ClCompile>
    <ClCompile Include="PonteiroInteiro.cpp">
      <Filter>Ponteiro</Filter>
    </ClCompile>
    <ClCompile Include="PonteiroBasico.cpp">
      <Filter>Ponteiro\Exercicios</Filter>
    </ClCompile>
    <ClCompile Include="Manipulando Valores com Ponteiros.cpp">
      <Filter>Ponteiro\Exercicios</Filter>
    </ClCompile>
    <ClCompile Include="Sistema de Aventura com Ponteiros.cpp">
      <Filter>Ponteiro\Exercicios</Filter>
    </ClCompile>
  </ItemGroup>
  <ItemGroup>
    <ClInclude Include="Aulas.h">
      <Filter>ifndef</Filter>
    </ClInclude>
  </ItemGroup>
  <ItemGroup>
    <None Include="Sistema de RPG com Treinamento" />
  </ItemGroup>
</Project>